{
  "dependencies": {
    "mysql": {
      "version": "2.5.3",
      "dependencies": {
        "bignumber.js": {
          "version": "1.4.1"
        },
        "readable-stream": {
          "version": "1.1.13",
          "dependencies": {
            "core-util-is": {
              "version": "1.0.1"
            },
            "isarray": {
              "version": "0.0.1"
            },
            "string_decoder": {
              "version": "0.10.31"
            },
            "inherits": {
              "version": "2.0.1"
            }
          }
        },
        "require-all": {
          "version": "0.0.8"
        }
      }
    }
  }
}
